// !$*UTF8*$!
{
	archiveVersion = 1;
	classes = {
	};
	objectVersion = 56;
	objects = {

/* Begin PBXBuildFile section */
		C67781232A65DFA9004632E2 /* AppDelegate.swift in Sources */ = {isa = PBXBuildFile; fileRef = C67781222A65DFA9004632E2 /* AppDelegate.swift */; };
		C67781252A65DFA9004632E2 /* SceneDelegate.swift in Sources */ = {isa = PBXBuildFile; fileRef = C67781242A65DFA9004632E2 /* SceneDelegate.swift */; };
		C67781272A65DFA9004632E2 /* ViewController.swift in Sources */ = {isa = PBXBuildFile; fileRef = C67781262A65DFA9004632E2 /* ViewController.swift */; };
		C677812A2A65DFA9004632E2 /* Main.storyboard in Resources */ = {isa = PBXBuildFile; fileRef = C67781282A65DFA9004632E2 /* Main.storyboard */; };
		C677812C2A65DFAC004632E2 /* Assets.xcassets in Resources */ = {isa = PBXBuildFile; fileRef = C677812B2A65DFAC004632E2 /* Assets.xcassets */; };
		C677812F2A65DFAC004632E2 /* LaunchScreen.storyboard in Resources */ = {isa = PBXBuildFile; fileRef = C677812D2A65DFAC004632E2 /* LaunchScreen.storyboard */; };
		C677813A2A65DFAD004632E2 /* SingletonDesignPatternExampleTests.swift in Sources */ = {isa = PBXBuildFile; fileRef = C67781392A65DFAD004632E2 /* SingletonDesignPatternExampleTests.swift */; };
		C67781442A65DFAD004632E2 /* SingletonDesignPatternExampleUITests.swift in Sources */ = {isa = PBXBuildFile; fileRef = C67781432A65DFAD004632E2 /* SingletonDesignPatternExampleUITests.swift */; };
		C67781462A65DFAD004632E2 /* SingletonDesignPatternExampleUITestsLaunchTests.swift in Sources */ = {isa = PBXBuildFile; fileRef = C67781452A65DFAD004632E2 /* SingletonDesignPatternExampleUITestsLaunchTests.swift */; };
/* End PBXBuildFile section */

/* Begin PBXContainerItemProxy section */
		C67781362A65DFAD004632E2 /* PBXContainerItemProxy */ = {
			isa = PBXContainerItemProxy;
			containerPortal = C67781172A65DFA9004632E2 /* Project object */;
			proxyType = 1;
			remoteGlobalIDString = C677811E2A65DFA9004632E2;
			remoteInfo = SingletonDesignPatternExample;
		};
		C67781402A65DFAD004632E2 /* PBXContainerItemProxy */ = {
			isa = PBXContainerItemProxy;
			containerPortal = C67781172A65DFA9004632E2 /* Project object */;
			proxyType = 1;
			remoteGlobalIDString = C677811E2A65DFA9004632E2;
			remoteInfo = SingletonDesignPatternExample;
		};
/* End PBXContainerItemProxy section */

/* Begin PBXFileReference section */
		C677811F2A65DFA9004632E2 /* SingletonDesignPatternExample.app */ = {isa = PBXFileReference; explicitFileType = wrapper.application; includeInIndex = 0; path = SingletonDesignPatternExample.app; sourceTree = BUILT_PRODUCTS_DIR; };
		C67781222A65DFA9004632E2 /* AppDelegate.swift */ = {isa = PBXFileReference; lastKnownFileType = sourcecode.swift; path = AppDelegate.swift; sourceTree = "<group>"; };
		C67781242A65DFA9004632E2 /* SceneDelegate.swift */ = {isa = PBXFileReference; lastKnownFileType = sourcecode.swift; path = SceneDelegate.swift; sourceTree = "<group>"; };
		C67781262A65DFA9004632E2 /* ViewController.swift */ = {isa = PBXFileReference; lastKnownFileType = sourcecode.swift; path = ViewController.swift; sourceTree = "<group>"; };
		C67781292A65DFA9004632E2 /* Base */ = {isa = PBXFileReference; lastKnownFileType = file.storyboard; name = Base; path = Base.lproj/Main.storyboard; sourceTree = "<group>"; };
		C677812B2A65DFAC004632E2 /* Assets.xcassets */ = {isa = PBXFileReference; lastKnownFileType = folder.assetcatalog; path = Assets.xcassets; sourceTree = "<group>"; };
		C677812E2A65DFAC004632E2 /* Base */ = {isa = PBXFileReference; lastKnownFileType = file.storyboard; name = Base; path = Base.lproj/LaunchScreen.storyboard; sourceTree = "<group>"; };
		C67781302A65DFAC004632E2 /* Info.plist */ = {isa = PBXFileReference; lastKnownFileType = text.plist.xml; path = Info.plist; sourceTree = "<group>"; };
		C67781352A65DFAD004632E2 /* SingletonDesignPatternExampleTests.xctest */ = {isa = PBXFileReference; explicitFileType = wrapper.cfbundle; includeInIndex = 0; path = SingletonDesignPatternExampleTests.xctest; sourceTree = BUILT_PRODUCTS_DIR; };
		C67781392A65DFAD004632E2 /* SingletonDesignPatternExampleTests.swift */ = {isa = PBXFileReference; lastKnownFileType = sourcecode.swift; path = SingletonDesignPatternExampleTests.swift; sourceTree = "<group>"; };
		C677813F2A65DFAD004632E2 /* SingletonDesignPatternExampleUITests.xctest */ = {isa = PBXFileReference; explicitFileType = wrapper.cfbundle; includeInIndex = 0; path = SingletonDesignPatternExampleUITests.xctest; sourceTree = BUILT_PRODUCTS_DIR; };
		C67781432A65DFAD004632E2 /* SingletonDesignPatternExampleUITests.swift */ = {isa = PBXFileReference; lastKnownFileType = sourcecode.swift; path = SingletonDesignPatternExampleUITests.swift; sourceTree = "<group>"; };
		C67781452A65DFAD004632E2 /* SingletonDesignPatternExampleUITestsLaunchTests.swift */ = {isa = PBXFileReference; lastKnownFileType = sourcecode.swift; path = SingletonDesignPatternExampleUITestsLaunchTests.swift; sourceTree = "<group>"; };
/* End PBXFileReference section */

/* Begin PBXFrameworksBuildPhase section */
		C677811C2A65DFA9004632E2 /* Frameworks */ = {
			isa = PBXFrameworksBuildPhase;
			buildActionMask = 2147483647;
			files = (
			);
			runOnlyForDeploymentPostprocessing = 0;
		};
		C67781322A65DFAD004632E2 /* Frameworks */ = {
			isa = PBXFrameworksBuildPhase;
			buildActionMask = 2147483647;
			files = (
			);
			runOnlyForDeploymentPostprocessing = 0;
		};
		C677813C2A65DFAD004632E2 /* Frameworks */ = {
			isa = PBXFrameworksBuildPhase;
			buildActionMask = 2147483647;
			files = (
			);
			runOnlyForDeploymentPostprocessing = 0;
		};
/* End PBXFrameworksBuildPhase section */

/* Begin PBXGroup section */
		C67781162A65DFA9004632E2 = {
			isa = PBXGroup;
			children = (
				C67781212A65DFA9004632E2 /* SingletonDesignPatternExample */,
				C67781382A65DFAD004632E2 /* SingletonDesignPatternExampleTests */,
				C67781422A65DFAD004632E2 /* SingletonDesignPatternExampleUITests */,
				C67781202A65DFA9004632E2 /* Products */,
			);
			sourceTree = "<group>";
		};
		C67781202A65DFA9004632E2 /* Products */ = {
			isa = PBXGroup;
			children = (
				C677811F2A65DFA9004632E2 /* SingletonDesignPatternExample.app */,
				C67781352A65DFAD004632E2 /* SingletonDesignPatternExampleTests.xctest */,
				C677813F2A65DFAD004632E2 /* SingletonDesignPatternExampleUITests.xctest */,
			);
			name = Products;
			sourceTree = "<group>";
		};
		C67781212A65DFA9004632E2 /* SingletonDesignPatternExample */ = {
			isa = PBXGroup;
			children = (
				C67781222A65DFA9004632E2 /* AppDelegate.swift */,
				C67781242A65DFA9004632E2 /* SceneDelegate.swift */,
				C67781262A65DFA9004632E2 /* ViewController.swift */,
				C67781282A65DFA9004632E2 /* Main.storyboard */,
				C677812B2A65DFAC004632E2 /* Assets.xcassets */,
				C677812D2A65DFAC004632E2 /* LaunchScreen.storyboard */,
				C67781302A65DFAC004632E2 /* Info.plist */,
			);
			path = SingletonDesignPatternExample;
			sourceTree = "<group>";
		};
		C67781382A65DFAD004632E2 /* SingletonDesignPatternExampleTests */ = {
			isa = PBXGroup;
			children = (
				C67781392A65DFAD004632E2 /* SingletonDesignPatternExampleTests.swift */,
			);
			path = SingletonDesignPatternExampleTests;
			sourceTree = "<group>";
		};
		C67781422A65DFAD004632E2 /* SingletonDesignPatternExampleUITests */ = {
			isa = PBXGroup;
			children = (
				C67781432A65DFAD004632E2 /* SingletonDesignPatternExampleUITests.swift */,
				C67781452A65DFAD004632E2 /* SingletonDesignPatternExampleUITestsLaunchTests.swift */,
			);
			path = SingletonDesignPatternExampleUITests;
			sourceTree = "<group>";
		};
/* End PBXGroup section */

/* Begin PBXNativeTarget section */
		C677811E2A65DFA9004632E2 /* SingletonDesignPatternExample */ = {
			isa = PBXNativeTarget;
			buildConfigurationList = C67781492A65DFAD004632E2 /* Build configuration list for PBXNativeTarget "SingletonDesignPatternExample" */;
			buildPhases = (
				C677811B2A65DFA9004632E2 /* Sources */,
				C677811C2A65DFA9004632E2 /* Frameworks */,
				C677811D2A65DFA9004632E2 /* Resources */,
			);
			buildRules = (
			);
			dependencies = (
			);
			name = SingletonDesignPatternExample;
			productName = SingletonDesignPatternExample;
			productReference = C677811F2A65DFA9004632E2 /* SingletonDesignPatternExample.app */;
			productType = "com.apple.product-type.application";
		};
		C67781342A65DFAD004632E2 /* SingletonDesignPatternExampleTests */ = {
			isa = PBXNativeTarget;
			buildConfigurationList = C677814C2A65DFAD004632E2 /* Build configuration list for PBXNativeTarget "SingletonDesignPatternExampleTests" */;
			buildPhases = (
				C67781312A65DFAD004632E2 /* Sources */,
				C67781322A65DFAD004632E2 /* Frameworks */,
				C67781332A65DFAD004632E2 /* Resources */,
			);
			buildRules = (
			);
			dependencies = (
				C67781372A65DFAD004632E2 /* PBXTargetDependency */,
			);
			name = SingletonDesignPatternExampleTests;
			productName = SingletonDesignPatternExampleTests;
			productReference = C67781352A65DFAD004632E2 /* SingletonDesignPatternExampleTests.xctest */;
			productType = "com.apple.product-type.bundle.unit-test";
		};
		C677813E2A65DFAD004632E2 /* SingletonDesignPatternExampleUITests */ = {
			isa = PBXNativeTarget;
			buildConfigurationList = C677814F2A65DFAD004632E2 /* Build configuration list for PBXNativeTarget "SingletonDesignPatternExampleUITests" */;
			buildPhases = (
				C677813B2A65DFAD004632E2 /* Sources */,
				C677813C2A65DFAD004632E2 /* Frameworks */,
				C677813D2A65DFAD004632E2 /* Resources */,
			);
			buildRules = (
			);
			dependencies = (
				C67781412A65DFAD004632E2 /* PBXTargetDependency */,
			);
			name = SingletonDesignPatternExampleUITests;
			productName = SingletonDesignPatternExampleUITests;
			productReference = C677813F2A65DFAD004632E2 /* SingletonDesignPatternExampleUITests.xctest */;
			productType = "com.apple.product-type.bundle.ui-testing";
		};
/* End PBXNativeTarget section */

/* Begin PBXProject section */
		C67781172A65DFA9004632E2 /* Project object */ = {
			isa = PBXProject;
			attributes = {
				BuildIndependentTargetsInParallel = 1;
				LastSwiftUpdateCheck = 1420;
				LastUpgradeCheck = 1420;
				TargetAttributes = {
					C677811E2A65DFA9004632E2 = {
						CreatedOnToolsVersion = 14.2;
					};
					C67781342A65DFAD004632E2 = {
						CreatedOnToolsVersion = 14.2;
						TestTargetID = C677811E2A65DFA9004632E2;
					};
					C677813E2A65DFAD004632E2 = {
						CreatedOnToolsVersion = 14.2;
						TestTargetID = C677811E2A65DFA9004632E2;
					};
				};
			};
			buildConfigurationList = C677811A2A65DFA9004632E2 /* Build configuration list for PBXProject "SingletonDesignPatternExample" */;
			compatibilityVersion = "Xcode 14.0";
			developmentRegion = en;
			hasScannedForEncodings = 0;
			knownRegions = (
				en,
				Base,
			);
			mainGroup = C67781162A65DFA9004632E2;
			productRefGroup = C67781202A65DFA9004632E2 /* Products */;
			projectDirPath = "";
			projectRoot = "";
			targets = (
				C677811E2A65DFA9004632E2 /* SingletonDesignPatternExample */,
				C67781342A65DFAD004632E2 /* SingletonDesignPatternExampleTests */,
				C677813E2A65DFAD004632E2 /* SingletonDesignPatternExampleUITests */,
			);
		};
/* End PBXProject section */

/* Begin PBXResourcesBuildPhase section */
		C677811D2A65DFA9004632E2 /* Resources */ = {
			isa = PBXResourcesBuildPhase;
			buildActionMask = 2147483647;
			files = (
				C677812F2A65DFAC004632E2 /* LaunchScreen.storyboard in Resources */,
				C677812C2A65DFAC004632E2 /* Assets.xcassets in Resources */,
				C677812A2A65DFA9004632E2 /* Main.storyboard in Resources */,
			);
			runOnlyForDeploymentPostprocessing = 0;
		};
		C67781332A65DFAD004632E2 /* Resources */ = {
			isa = PBXResourcesBuildPhase;
			buildActionMask = 2147483647;
			files = (
			);
			runOnlyForDeploymentPostprocessing = 0;
		};
		C677813D2A65DFAD004632E2 /* Resources */ = {
			isa = PBXResourcesBuildPhase;
			buildActionMask = 2147483647;
			files = (
			);
			runOnlyForDeploymentPostprocessing = 0;
		};
/* End PBXResourcesBuildPhase section */

/* Begin PBXSourcesBuildPhase section */
		C677811B2A65DFA9004632E2 /* Sources */ = {
			isa = PBXSourcesBuildPhase;
			buildActionMask = 2147483647;
			files = (
				C67781272A65DFA9004632E2 /* ViewController.swift in Sources */,
				C67781232A65DFA9004632E2 /* AppDelegate.swift in Sources */,
				C67781252A65DFA9004632E2 /* SceneDelegate.swift in Sources */,
			);
			runOnlyForDeploymentPostprocessing = 0;
		};
		C67781312A65DFAD004632E2 /* Sources */ = {
			isa = PBXSourcesBuildPhase;
			buildActionMask = 2147483647;
			files = (
				C677813A2A65DFAD004632E2 /* SingletonDesignPatternExampleTests.swift in Sources */,
			);
			runOnlyForDeploymentPostprocessing = 0;
		};
		C677813B2A65DFAD004632E2 /* Sources */ = {
			isa = PBXSourcesBuildPhase;
			buildActionMask = 2147483647;
			files = (
				C67781462A65DFAD004632E2 /* SingletonDesignPatternExampleUITestsLaunchTests.swift in Sources */,
				C67781442A65DFAD004632E2 /* SingletonDesignPatternExampleUITests.swift in Sources */,
			);
			runOnlyForDeploymentPostprocessing = 0;
		};
/* End PBXSourcesBuildPhase section */

/* Begin PBXTargetDependency section */
		C67781372A65DFAD004632E2 /* PBXTargetDependency */ = {
			isa = PBXTargetDependency;
			target = C677811E2A65DFA9004632E2 /* SingletonDesignPatternExample */;
			targetProxy = C67781362A65DFAD004632E2 /* PBXContainerItemProxy */;
		};
		C67781412A65DFAD004632E2 /* PBXTargetDependency */ = {
			isa = PBXTargetDependency;
			target = C677811E2A65DFA9004632E2 /* SingletonDesignPatternExample */;
			targetProxy = C67781402A65DFAD004632E2 /* PBXContainerItemProxy */;
		};
/* End PBXTargetDependency section */

/* Begin PBXVariantGroup section */
		C67781282A65DFA9004632E2 /* Main.storyboard */ = {
			isa = PBXVariantGroup;
			children = (
				C67781292A65DFA9004632E2 /* Base */,
			);
			name = Main.storyboard;
			sourceTree = "<group>";
		};
		C677812D2A65DFAC004632E2 /* LaunchScreen.storyboard */ = {
			isa = PBXVariantGroup;
			children = (
				C677812E2A65DFAC004632E2 /* Base */,
			);
			name = LaunchScreen.storyboard;
			sourceTree = "<group>";
		};
/* End PBXVariantGroup section */

/* Begin XCBuildConfiguration section */
		C67781472A65DFAD004632E2 /* Debug */ = {
			isa = XCBuildConfiguration;
			buildSettings = {
				ALWAYS_SEARCH_USER_PATHS = NO;
				CLANG_ANALYZER_NONNULL = YES;
				CLANG_ANALYZER_NUMBER_OBJECT_CONVERSION = YES_AGGRESSIVE;
				CLANG_CXX_LANGUAGE_STANDARD = "gnu++20";
				CLANG_ENABLE_MODULES = YES;
				CLANG_ENABLE_OBJC_ARC = YES;
				CLANG_ENABLE_OBJC_WEAK = YES;
				CLANG_WARN_BLOCK_CAPTURE_AUTORELEASING = YES;
				CLANG_WARN_BOOL_CONVERSION = YES;
				CLANG_WARN_COMMA = YES;
				CLANG_WARN_CONSTANT_CONVERSION = YES;
				CLANG_WARN_DEPRECATED_OBJC_IMPLEMENTATIONS = YES;
				CLANG_WARN_DIRECT_OBJC_ISA_USAGE = YES_ERROR;
				CLANG_WARN_DOCUMENTATION_COMMENTS = YES;
				CLANG_WARN_EMPTY_BODY = YES;
				CLANG_WARN_ENUM_CONVERSION = YES;
				CLANG_WARN_INFINITE_RECURSION = YES;
				CLANG_WARN_INT_CONVERSION = YES;
				CLANG_WARN_NON_LITERAL_NULL_CONVERSION = YES;
				CLANG_WARN_OBJC_IMPLICIT_RETAIN_SELF = YES;
				CLANG_WARN_OBJC_LITERAL_CONVERSION = YES;
				CLANG_WARN_OBJC_ROOT_CLASS = YES_ERROR;
				CLANG_WARN_QUOTED_INCLUDE_IN_FRAMEWORK_HEADER = YES;
				CLANG_WARN_RANGE_LOOP_ANALYSIS = YES;
				CLANG_WARN_STRICT_PROTOTYPES = YES;
				CLANG_WARN_SUSPICIOUS_MOVE = YES;
				CLANG_WARN_UNGUARDED_AVAILABILITY = YES_AGGRESSIVE;
				CLANG_WARN_UNREACHABLE_CODE = YES;
				CLANG_WARN__DUPLICATE_METHOD_MATCH = YES;
				COPY_PHASE_STRIP = NO;
				DEBUG_INFORMATION_FORMAT = dwarf;
				ENABLE_STRICT_OBJC_MSGSEND = YES;
				ENABLE_TESTABILITY = YES;
				GCC_C_LANGUAGE_STANDARD = gnu11;
				GCC_DYNAMIC_NO_PIC = NO;
				GCC_NO_COMMON_BLOCKS = YES;
				GCC_OPTIMIZATION_LEVEL = 0;
				GCC_PREPROCESSOR_DEFINITIONS = (
					"DEBUG=1",
					"$(inherited)",
				);
				GCC_WARN_64_TO_32_BIT_CONVERSION = YES;
				GCC_WARN_ABOUT_RETURN_TYPE = YES_ERROR;
				GCC_WARN_UNDECLARED_SELECTOR = YES;
				GCC_WARN_UNINITIALIZED_AUTOS = YES_AGGRESSIVE;
				GCC_WARN_UNUSED_FUNCTION = YES;
				GCC_WARN_UNUSED_VARIABLE = YES;
				IPHONEOS_DEPLOYMENT_TARGET = 16.2;
				MTL_ENABLE_DEBUG_INFO = INCLUDE_SOURCE;
				MTL_FAST_MATH = YES;
				ONLY_ACTIVE_ARCH = YES;
				SDKROOT = iphoneos;
				SWIFT_ACTIVE_COMPILATION_CONDITIONS = DEBUG;
				SWIFT_OPTIMIZATION_LEVEL = "-Onone";
			};
			name = Debug;
		};
		C67781482A65DFAD004632E2 /* Release */ = {
			isa = XCBuildConfiguration;
			buildSettings = {
				ALWAYS_SEARCH_USER_PATHS = NO;
				CLANG_ANALYZER_NONNULL = YES;
				CLANG_ANALYZER_NUMBER_OBJECT_CONVERSION = YES_AGGRESSIVE;
				CLANG_CXX_LANGUAGE_STANDARD = "gnu++20";
				CLANG_ENABLE_MODULES = YES;
				CLANG_ENABLE_OBJC_ARC = YES;
				CLANG_ENABLE_OBJC_WEAK = YES;
				CLANG_WARN_BLOCK_CAPTURE_AUTORELEASING = YES;
				CLANG_WARN_BOOL_CONVERSION = YES;
				CLANG_WARN_COMMA = YES;
				CLANG_WARN_CONSTANT_CONVERSION = YES;
				CLANG_WARN_DEPRECATED_OBJC_IMPLEMENTATIONS = YES;
				CLANG_WARN_DIRECT_OBJC_ISA_USAGE = YES_ERROR;
				CLANG_WARN_DOCUMENTATION_COMMENTS = YES;
				CLANG_WARN_EMPTY_BODY = YES;
				CLANG_WARN_ENUM_CONVERSION = YES;
				CLANG_WARN_INFINITE_RECURSION = YES;
				CLANG_WARN_INT_CONVERSION = YES;
				CLANG_WARN_NON_LITERAL_NULL_CONVERSION = YES;
				CLANG_WARN_OBJC_IMPLICIT_RETAIN_SELF = YES;
				CLANG_WARN_OBJC_LITERAL_CONVERSION = YES;
				CLANG_WARN_OBJC_ROOT_CLASS = YES_ERROR;
				CLANG_WARN_QUOTED_INCLUDE_IN_FRAMEWORK_HEADER = YES;
				CLANG_WARN_RANGE_LOOP_ANALYSIS = YES;
				CLANG_WARN_STRICT_PROTOTYPES = YES;
				CLANG_WARN_SUSPICIOUS_MOVE = YES;
				CLANG_WARN_UNGUARDED_AVAILABILITY = YES_AGGRESSIVE;
				CLANG_WARN_UNREACHABLE_CODE = YES;
				CLANG_WARN__DUPLICATE_METHOD_MATCH = YES;
				COPY_PHASE_STRIP = NO;
				DEBUG_INFORMATION_FORMAT = "dwarf-with-dsym";
				ENABLE_NS_ASSERTIONS = NO;
				ENABLE_STRICT_OBJC_MSGSEND = YES;
				GCC_C_LANGUAGE_STANDARD = gnu11;
				GCC_NO_COMMON_BLOCKS = YES;
				GCC_WARN_64_TO_32_BIT_CONVERSION = YES;
				GCC_WARN_ABOUT_RETURN_TYPE = YES_ERROR;
				GCC_WARN_UNDECLARED_SELECTOR = YES;
				GCC_WARN_UNINITIALIZED_AUTOS = YES_AGGRESSIVE;
				GCC_WARN_UNUSED_FUNCTION = YES;
				GCC_WARN_UNUSED_VARIABLE = YES;
				IPHONEOS_DEPLOYMENT_TARGET = 16.2;
				MTL_ENABLE_DEBUG_INFO = NO;
				MTL_FAST_MATH = YES;
				SDKROOT = iphoneos;
				SWIFT_COMPILATION_MODE = wholemodule;
				SWIFT_OPTIMIZATION_LEVEL = "-O";
				VALIDATE_PRODUCT = YES;
			};
			name = Release;
		};
		C677814A2A65DFAD004632E2 /* Debug */ = {
			isa = XCBuildConfiguration;
			buildSettings = {
				ASSETCATALOG_COMPILER_APPICON_NAME = AppIcon;
				ASSETCATALOG_COMPILER_GLOBAL_ACCENT_COLOR_NAME = AccentColor;
				CODE_SIGN_STYLE = Automatic;
				CURRENT_PROJECT_VERSION = 1;
				DEVELOPMENT_TEAM = JXQ54B2CD8;
				GENERATE_INFOPLIST_FILE = YES;
				INFOPLIST_FILE = SingletonDesignPatternExample/Info.plist;
				INFOPLIST_KEY_UIApplicationSupportsIndirectInputEvents = YES;
				INFOPLIST_KEY_UILaunchStoryboardName = LaunchScreen;
				INFOPLIST_KEY_UIMainStoryboardFile = Main;
				INFOPLIST_KEY_UISupportedInterfaceOrientations_iPad = "UIInterfaceOrientationPortrait UIInterfaceOrientationPortraitUpsideDown UIInterfaceOrientationLandscapeLeft UIInterfaceOrientationLandscapeRight";
				INFOPLIST_KEY_UISupportedInterfaceOrientations_iPhone = "UIInterfaceOrientationPortrait UIInterfaceOrientationLandscapeLeft UIInterfaceOrientationLandscapeRight";
				LD_RUNPATH_SEARCH_PATHS = (
					"$(inherited)",
					"@executable_path/Frameworks",
				);
				MARKETING_VERSION = 1.0;
				PRODUCT_BUNDLE_IDENTIFIER = com.ho.SingletonDesignPatternExample;
				PRODUCT_NAME = "$(TARGET_NAME)";
				SWIFT_EMIT_LOC_STRINGS = YES;
				SWIFT_VERSION = 5.0;
				TARGETED_DEVICE_FAMILY = "1,2";
			};
			name = Debug;
		};
		C677814B2A65DFAD004632E2 /* Release */ = {
			isa = XCBuildConfiguration;
			buildSettings = {
				ASSETCATALOG_COMPILER_APPICON_NAME = AppIcon;
				ASSETCATALOG_COMPILER_GLOBAL_ACCENT_COLOR_NAME = AccentColor;
				CODE_SIGN_STYLE = Automatic;
				CURRENT_PROJECT_VERSION = 1;
				DEVELOPMENT_TEAM = JXQ54B2CD8;
				GENERATE_INFOPLIST_FILE = YES;
				INFOPLIST_FILE = SingletonDesignPatternExample/Info.plist;
				INFOPLIST_KEY_UIApplicationSupportsIndirectInputEvents = YES;
				INFOPLIST_KEY_UILaunchStoryboardName = LaunchScreen;
				INFOPLIST_KEY_UIMainStoryboardFile = Main;
				INFOPLIST_KEY_UISupportedInterfaceOrientations_iPad = "UIInterfaceOrientationPortrait UIInterfaceOrientationPortraitUpsideDown UIInterfaceOrientationLandscapeLeft UIInterfaceOrientationLandscapeRight";
				INFOPLIST_KEY_UISupportedInterfaceOrientations_iPhone = "UIInterfaceOrientationPortrait UIInterfaceOrientationLandscapeLeft UIInterfaceOrientationLandscapeRight";
				LD_RUNPATH_SEARCH_PATHS = (
					"$(inherited)",
					"@executable_path/Frameworks",
				);
				MARKETING_VERSION = 1.0;
				PRODUCT_BUNDLE_IDENTIFIER = com.ho.SingletonDesignPatternExample;
				PRODUCT_NAME = "$(TARGET_NAME)";
				SWIFT_EMIT_LOC_STRINGS = YES;
				SWIFT_VERSION = 5.0;
				TARGETED_DEVICE_FAMILY = "1,2";
			};
			name = Release;
		};
		C677814D2A65DFAD004632E2 /* Debug */ = {
			isa = XCBuildConfiguration;
			buildSettings = {
				ALWAYS_EMBED_SWIFT_STANDARD_LIBRARIES = YES;
				BUNDLE_LOADER = "$(TEST_HOST)";
				CODE_SIGN_STYLE = Automatic;
				CURRENT_PROJECT_VERSION = 1;
				DEVELOPMENT_TEAM = JXQ54B2CD8;
				GENERATE_INFOPLIST_FILE = YES;
				IPHONEOS_DEPLOYMENT_TARGET = 16.2;
				MARKETING_VERSION = 1.0;
				PRODUCT_BUNDLE_IDENTIFIER = com.ho.SingletonDesignPatternExampleTests;
				PRODUCT_NAME = "$(TARGET_NAME)";
				SWIFT_EMIT_LOC_STRINGS = NO;
				SWIFT_VERSION = 5.0;
				TARGETED_DEVICE_FAMILY = "1,2";
				TEST_HOST = "$(BUILT_PRODUCTS_DIR)/SingletonDesignPatternExample.app/$(BUNDLE_EXECUTABLE_FOLDER_PATH)/SingletonDesignPatternExample";
			};
			name = Debug;
		};
		C677814E2A65DFAD004632E2 /* Release */ = {
			isa = XCBuildConfiguration;
			buildSettings = {
				ALWAYS_EMBED_SWIFT_STANDARD_LIBRARIES = YES;
				BUNDLE_LOADER = "$(TEST_HOST)";
				CODE_SIGN_STYLE = Automatic;
				CURRENT_PROJECT_VERSION = 1;
				DEVELOPMENT_TEAM = JXQ54B2CD8;
				GENERATE_INFOPLIST_FILE = YES;
				IPHONEOS_DEPLOYMENT_TARGET = 16.2;
				MARKETING_VERSION = 1.0;
				PRODUCT_BUNDLE_IDENTIFIER = com.ho.SingletonDesignPatternExampleTests;
				PRODUCT_NAME = "$(TARGET_NAME)";
				SWIFT_EMIT_LOC_STRINGS = NO;
				SWIFT_VERSION = 5.0;
				TARGETED_DEVICE_FAMILY = "1,2";
				TEST_HOST = "$(BUILT_PRODUCTS_DIR)/SingletonDesignPatternExample.app/$(BUNDLE_EXECUTABLE_FOLDER_PATH)/SingletonDesignPatternExample";
			};
			name = Release;
		};
		C67781502A65DFAD004632E2 /* Debug */ = {
			isa = XCBuildConfiguration;
			buildSettings = {
				ALWAYS_EMBED_SWIFT_STANDARD_LIBRARIES = YES;
				CODE_SIGN_STYLE = Automatic;
				CURRENT_PROJECT_VERSION = 1;
				DEVELOPMENT_TEAM = JXQ54B2CD8;
				GENERATE_INFOPLIST_FILE = YES;
				MARKETING_VERSION = 1.0;
				PRODUCT_BUNDLE_IDENTIFIER = com.ho.SingletonDesignPatternExampleUITests;
				PRODUCT_NAME = "$(TARGET_NAME)";
				SWIFT_EMIT_LOC_STRINGS = NO;
				SWIFT_VERSION = 5.0;
				TARGETED_DEVICE_FAMILY = "1,2";
				TEST_TARGET_NAME = SingletonDesignPatternExample;
			};
			name = Debug;
		};
		C67781512A65DFAD004632E2 /* Release */ = {
			isa = XCBuildConfiguration;
			buildSettings = {
				ALWAYS_EMBED_SWIFT_STANDARD_LIBRARIES = YES;
				CODE_SIGN_STYLE = Automatic;
				CURRENT_PROJECT_VERSION = 1;
				DEVELOPMENT_TEAM = JXQ54B2CD8;
				GENERATE_INFOPLIST_FILE = YES;
				MARKETING_VERSION = 1.0;
				PRODUCT_BUNDLE_IDENTIFIER = com.ho.SingletonDesignPatternExampleUITests;
				PRODUCT_NAME = "$(TARGET_NAME)";
				SWIFT_EMIT_LOC_STRINGS = NO;
				SWIFT_VERSION = 5.0;
				TARGETED_DEVICE_FAMILY = "1,2";
				TEST_TARGET_NAME = SingletonDesignPatternExample;
			};
			name = Release;
		};
/* End XCBuildConfiguration section */

/* Begin XCConfigurationList section */
		C677811A2A65DFA9004632E2 /* Build configuration list for PBXProject "SingletonDesignPatternExample" */ = {
			isa = XCConfigurationList;
			buildConfigurations = (
				C67781472A65DFAD004632E2 /* Debug */,
				C67781482A65DFAD004632E2 /* Release */,
			);
			defaultConfigurationIsVisible = 0;
			defaultConfigurationName = Release;
		};
		C67781492A65DFAD004632E2 /* Build configuration list for PBXNativeTarget "SingletonDesignPatternExample" */ = {
			isa = XCConfigurationList;
			buildConfigurations = (
				C677814A2A65DFAD004632E2 /* Debug */,
				C677814B2A65DFAD004632E2 /* Release */,
			);
			defaultConfigurationIsVisible = 0;
			defaultConfigurationName = Release;
		};
		C677814C2A65DFAD004632E2 /* Build configuration list for PBXNativeTarget "SingletonDesignPatternExampleTests" */ = {
			isa = XCConfigurationList;
			buildConfigurations = (
				C677814D2A65DFAD004632E2 /* Debug */,
				C677814E2A65DFAD004632E2 /* Release */,
			);
			defaultConfigurationIsVisible = 0;
			defaultConfigurationName = Release;
		};
		C677814F2A65DFAD004632E2 /* Build configuration list for PBXNativeTarget "SingletonDesignPatternExampleUITests" */ = {
			isa = XCConfigurationList;
			buildConfigurations = (
				C67781502A65DFAD004632E2 /* Debug */,
				C67781512A65DFAD004632E2 /* Release */,
			);
			defaultConfigurationIsVisible = 0;
			defaultConfigurationName = Release;
		};
/* End XCConfigurationList section */
	};
	rootObject = C67781172A65DFA9004632E2 /* Project object */;
}
